
Microsoft Visual Studio Solution File, Format Version 12.00
# Visual Studio Version 17
VisualStudioVersion = 17.2.32516.85
MinimumVisualStudioVersion = 10.0.40219.1
Project("{FAE04EC0-301F-11D3-BF4B-00C04F79EFBC}") = "WinFormsClinicApp", "WinFormsClinicApp\WinFormsClinicApp.csproj", "{E7A4CBC4-E67E-4746-8668-66C6375E6D36}"
EndProject
Global
	GlobalSection(SolutionConfigurationPlatforms) = preSolution
		Debug|Any CPU = Debug|Any CPU
		Release|Any CPU = Release|Any CPU
	EndGlobalSection
	GlobalSection(ProjectConfigurationPlatforms) = postSolution
		{E7A4CBC4-E67E-4746-8668-66C6375E6D36}.Debug|Any CPU.ActiveCfg = Debug|Any CPU
		{E7A4CBC4-E67E-4746-8668-66C6375E6D36}.Debug|Any CPU.Build.0 = Debug|Any CPU
		{E7A4CBC4-E67E-4746-8668-66C6375E6D36}.Release|Any CPU.ActiveCfg = Release|Any CPU
		{E7A4CBC4-E67E-4746-8668-66C6375E6D36}.Release|Any CPU.Build.0 = Release|Any CPU
	EndGlobalSection
	GlobalSection(SolutionProperties) = preSolution
		HideSolutionNode = FALSE
	EndGlobalSection
	GlobalSection(ExtensibilityGlobals) = postSolution
		SolutionGuid = {84E25457-F82C-4F65-B196-8CF4097A5F99}
	EndGlobalSection
EndGlobal
